// !$*UTF8*$!
{
	archiveVersion = 1;
	classes = {
	};
	objectVersion = 50;
	objects = {

/* Begin PBXBuildFile section */
		6C0B6D9625F0209300F17C1E /* AppDelegate.swift in Sources */ = {isa = PBXBuildFile; fileRef = 6C0B6D9525F0209300F17C1E /* AppDelegate.swift */; };
		6C0B6D9825F0209300F17C1E /* SceneDelegate.swift in Sources */ = {isa = PBXBuildFile; fileRef = 6C0B6D9725F0209300F17C1E /* SceneDelegate.swift */; };
		6C0B6D9A25F0209300F17C1E /* ViewController.swift in Sources */ = {isa = PBXBuildFile; fileRef = 6C0B6D9925F0209300F17C1E /* ViewController.swift */; };
		6C0B6D9D25F0209300F17C1E /* Main.storyboard in Resources */ = {isa = PBXBuildFile; fileRef = 6C0B6D9B25F0209300F17C1E /* Main.storyboard */; };
		6C0B6D9F25F0209400F17C1E /* Assets.xcassets in Resources */ = {isa = PBXBuildFile; fileRef = 6C0B6D9E25F0209400F17C1E /* Assets.xcassets */; };
		6C0B6DA225F0209400F17C1E /* LaunchScreen.storyboard in Resources */ = {isa = PBXBuildFile; fileRef = 6C0B6DA025F0209400F17C1E /* LaunchScreen.storyboard */; };
		6C0B6E4325F0272600F17C1E /* spain@3x.png in Resources */ = {isa = PBXBuildFile; fileRef = 6C0B6E2B25F0272600F17C1E /* spain@3x.png */; };
		6C0B6E4425F0272600F17C1E /* italy@2x.png in Resources */ = {isa = PBXBuildFile; fileRef = 6C0B6E2C25F0272600F17C1E /* italy@2x.png */; };
		6C0B6E4525F0272600F17C1E /* nigeria@3x.png in Resources */ = {isa = PBXBuildFile; fileRef = 6C0B6E2D25F0272600F17C1E /* nigeria@3x.png */; };
		6C0B6E4625F0272600F17C1E /* ireland@3x.png in Resources */ = {isa = PBXBuildFile; fileRef = 6C0B6E2E25F0272600F17C1E /* ireland@3x.png */; };
		6C0B6E4725F0272600F17C1E /* russia@2x.png in Resources */ = {isa = PBXBuildFile; fileRef = 6C0B6E2F25F0272600F17C1E /* russia@2x.png */; };
		6C0B6E4825F0272600F17C1E /* uk@3x.png in Resources */ = {isa = PBXBuildFile; fileRef = 6C0B6E3025F0272600F17C1E /* uk@3x.png */; };
		6C0B6E4925F0272600F17C1E /* us@2x.png in Resources */ = {isa = PBXBuildFile; fileRef = 6C0B6E3125F0272600F17C1E /* us@2x.png */; };
		6C0B6E4A25F0272600F17C1E /* nigeria@2x.png in Resources */ = {isa = PBXBuildFile; fileRef = 6C0B6E3225F0272600F17C1E /* nigeria@2x.png */; };
		6C0B6E4B25F0272600F17C1E /* estonia@2x.png in Resources */ = {isa = PBXBuildFile; fileRef = 6C0B6E3325F0272600F17C1E /* estonia@2x.png */; };
		6C0B6E4C25F0272600F17C1E /* ireland@2x.png in Resources */ = {isa = PBXBuildFile; fileRef = 6C0B6E3425F0272600F17C1E /* ireland@2x.png */; };
		6C0B6E4D25F0272600F17C1E /* spain@2x.png in Resources */ = {isa = PBXBuildFile; fileRef = 6C0B6E3525F0272600F17C1E /* spain@2x.png */; };
		6C0B6E4E25F0272600F17C1E /* monaco@3x.png in Resources */ = {isa = PBXBuildFile; fileRef = 6C0B6E3625F0272600F17C1E /* monaco@3x.png */; };
		6C0B6E4F25F0272600F17C1E /* germany@3x.png in Resources */ = {isa = PBXBuildFile; fileRef = 6C0B6E3725F0272600F17C1E /* germany@3x.png */; };
		6C0B6E5025F0272600F17C1E /* monaco@2x.png in Resources */ = {isa = PBXBuildFile; fileRef = 6C0B6E3825F0272600F17C1E /* monaco@2x.png */; };
		6C0B6E5125F0272600F17C1E /* estonia@3x.png in Resources */ = {isa = PBXBuildFile; fileRef = 6C0B6E3925F0272600F17C1E /* estonia@3x.png */; };
		6C0B6E5225F0272600F17C1E /* france@2x.png in Resources */ = {isa = PBXBuildFile; fileRef = 6C0B6E3A25F0272600F17C1E /* france@2x.png */; };
		6C0B6E5325F0272600F17C1E /* germany@2x.png in Resources */ = {isa = PBXBuildFile; fileRef = 6C0B6E3B25F0272600F17C1E /* germany@2x.png */; };
		6C0B6E5425F0272600F17C1E /* france@3x.png in Resources */ = {isa = PBXBuildFile; fileRef = 6C0B6E3C25F0272600F17C1E /* france@3x.png */; };
		6C0B6E5525F0272600F17C1E /* poland@2x.png in Resources */ = {isa = PBXBuildFile; fileRef = 6C0B6E3D25F0272600F17C1E /* poland@2x.png */; };
		6C0B6E5625F0272600F17C1E /* poland@3x.png in Resources */ = {isa = PBXBuildFile; fileRef = 6C0B6E3E25F0272600F17C1E /* poland@3x.png */; };
		6C0B6E5725F0272600F17C1E /* russia@3x.png in Resources */ = {isa = PBXBuildFile; fileRef = 6C0B6E3F25F0272600F17C1E /* russia@3x.png */; };
		6C0B6E5825F0272600F17C1E /* italy@3x.png in Resources */ = {isa = PBXBuildFile; fileRef = 6C0B6E4025F0272600F17C1E /* italy@3x.png */; };
		6C0B6E5925F0272600F17C1E /* uk@2x.png in Resources */ = {isa = PBXBuildFile; fileRef = 6C0B6E4125F0272600F17C1E /* uk@2x.png */; };
		6C0B6E5A25F0272600F17C1E /* us@3x.png in Resources */ = {isa = PBXBuildFile; fileRef = 6C0B6E4225F0272600F17C1E /* us@3x.png */; };
		6C0B6E5F25F0300C00F17C1E /* DetailViewController.swift in Sources */ = {isa = PBXBuildFile; fileRef = 6C0B6E5E25F0300C00F17C1E /* DetailViewController.swift */; };
/* End PBXBuildFile section */

/* Begin PBXFileReference section */
		6C0B6D9225F0209300F17C1E /* MilestoneProj1.app */ = {isa = PBXFileReference; explicitFileType = wrapper.application; includeInIndex = 0; path = MilestoneProj1.app; sourceTree = BUILT_PRODUCTS_DIR; };
		6C0B6D9525F0209300F17C1E /* AppDelegate.swift */ = {isa = PBXFileReference; lastKnownFileType = sourcecode.swift; path = AppDelegate.swift; sourceTree = "<group>"; };
		6C0B6D9725F0209300F17C1E /* SceneDelegate.swift */ = {isa = PBXFileReference; lastKnownFileType = sourcecode.swift; path = SceneDelegate.swift; sourceTree = "<group>"; };
		6C0B6D9925F0209300F17C1E /* ViewController.swift */ = {isa = PBXFileReference; lastKnownFileType = sourcecode.swift; path = ViewController.swift; sourceTree = "<group>"; };
		6C0B6D9C25F0209300F17C1E /* Base */ = {isa = PBXFileReference; lastKnownFileType = file.storyboard; name = Base; path = Base.lproj/Main.storyboard; sourceTree = "<group>"; };
		6C0B6D9E25F0209400F17C1E /* Assets.xcassets */ = {isa = PBXFileReference; lastKnownFileType = folder.assetcatalog; path = Assets.xcassets; sourceTree = "<group>"; };
		6C0B6DA125F0209400F17C1E /* Base */ = {isa = PBXFileReference; lastKnownFileType = file.storyboard; name = Base; path = Base.lproj/LaunchScreen.storyboard; sourceTree = "<group>"; };
		6C0B6DA325F0209400F17C1E /* Info.plist */ = {isa = PBXFileReference; lastKnownFileType = text.plist.xml; path = Info.plist; sourceTree = "<group>"; };
		6C0B6E2B25F0272600F17C1E /* spain@3x.png */ = {isa = PBXFileReference; lastKnownFileType = image.png; name = "spain@3x.png"; path = "../../../../../Downloads/HackingWithSwift-main/Classic/project2-files/spain@3x.png"; sourceTree = "<group>"; };
		6C0B6E2C25F0272600F17C1E /* italy@2x.png */ = {isa = PBXFileReference; lastKnownFileType = image.png; name = "italy@2x.png"; path = "../../../../../Downloads/HackingWithSwift-main/Classic/project2-files/italy@2x.png"; sourceTree = "<group>"; };
		6C0B6E2D25F0272600F17C1E /* nigeria@3x.png */ = {isa = PBXFileReference; lastKnownFileType = image.png; name = "nigeria@3x.png"; path = "../../../../../Downloads/HackingWithSwift-main/Classic/project2-files/nigeria@3x.png"; sourceTree = "<group>"; };
		6C0B6E2E25F0272600F17C1E /* ireland@3x.png */ = {isa = PBXFileReference; lastKnownFileType = image.png; name = "ireland@3x.png"; path = "../../../../../Downloads/HackingWithSwift-main/Classic/project2-files/ireland@3x.png"; sourceTree = "<group>"; };
		6C0B6E2F25F0272600F17C1E /* russia@2x.png */ = {isa = PBXFileReference; lastKnownFileType = image.png; name = "russia@2x.png"; path = "../../../../../Downloads/HackingWithSwift-main/Classic/project2-files/russia@2x.png"; sourceTree = "<group>"; };
		6C0B6E3025F0272600F17C1E /* uk@3x.png */ = {isa = PBXFileReference; lastKnownFileType = image.png; name = "uk@3x.png"; path = "../../../../../Downloads/HackingWithSwift-main/Classic/project2-files/uk@3x.png"; sourceTree = "<group>"; };
		6C0B6E3125F0272600F17C1E /* us@2x.png */ = {isa = PBXFileReference; lastKnownFileType = image.png; name = "us@2x.png"; path = "../../../../../Downloads/HackingWithSwift-main/Classic/project2-files/us@2x.png"; sourceTree = "<group>"; };
		6C0B6E3225F0272600F17C1E /* nigeria@2x.png */ = {isa = PBXFileReference; lastKnownFileType = image.png; name = "nigeria@2x.png"; path = "../../../../../Downloads/HackingWithSwift-main/Classic/project2-files/nigeria@2x.png"; sourceTree = "<group>"; };
		6C0B6E3325F0272600F17C1E /* estonia@2x.png */ = {isa = PBXFileReference; lastKnownFileType = image.png; name = "estonia@2x.png"; path = "../../../../../Downloads/HackingWithSwift-main/Classic/project2-files/estonia@2x.png"; sourceTree = "<group>"; };
		6C0B6E3425F0272600F17C1E /* ireland@2x.png */ = {isa = PBXFileReference; lastKnownFileType = image.png; name = "ireland@2x.png"; path = "../../../../../Downloads/HackingWithSwift-main/Classic/project2-files/ireland@2x.png"; sourceTree = "<group>"; };
		6C0B6E3525F0272600F17C1E /* spain@2x.png */ = {isa = PBXFileReference; lastKnownFileType = image.png; name = "spain@2x.png"; path = "../../../../../Downloads/HackingWithSwift-main/Classic/project2-files/spain@2x.png"; sourceTree = "<group>"; };
		6C0B6E3625F0272600F17C1E /* monaco@3x.png */ = {isa = PBXFileReference; lastKnownFileType = image.png; name = "monaco@3x.png"; path = "../../../../../Downloads/HackingWithSwift-main/Classic/project2-files/monaco@3x.png"; sourceTree = "<group>"; };
		6C0B6E3725F0272600F17C1E /* germany@3x.png */ = {isa = PBXFileReference; lastKnownFileType = image.png; name = "germany@3x.png"; path = "../../../../../Downloads/HackingWithSwift-main/Classic/project2-files/germany@3x.png"; sourceTree = "<group>"; };
		6C0B6E3825F0272600F17C1E /* monaco@2x.png */ = {isa = PBXFileReference; lastKnownFileType = image.png; name = "monaco@2x.png"; path = "../../../../../Downloads/HackingWithSwift-main/Classic/project2-files/monaco@2x.png"; sourceTree = "<group>"; };
		6C0B6E3925F0272600F17C1E /* estonia@3x.png */ = {isa = PBXFileReference; lastKnownFileType = image.png; name = "estonia@3x.png"; path = "../../../../../Downloads/HackingWithSwift-main/Classic/project2-files/estonia@3x.png"; sourceTree = "<group>"; };
		6C0B6E3A25F0272600F17C1E /* france@2x.png */ = {isa = PBXFileReference; lastKnownFileType = image.png; name = "france@2x.png"; path = "../../../../../Downloads/HackingWithSwift-main/Classic/project2-files/france@2x.png"; sourceTree = "<group>"; };
		6C0B6E3B25F0272600F17C1E /* germany@2x.png */ = {isa = PBXFileReference; lastKnownFileType = image.png; name = "germany@2x.png"; path = "../../../../../Downloads/HackingWithSwift-main/Classic/project2-files/germany@2x.png"; sourceTree = "<group>"; };
		6C0B6E3C25F0272600F17C1E /* france@3x.png */ = {isa = PBXFileReference; lastKnownFileType = image.png; name = "france@3x.png"; path = "../../../../../Downloads/HackingWithSwift-main/Classic/project2-files/france@3x.png"; sourceTree = "<group>"; };
		6C0B6E3D25F0272600F17C1E /* poland@2x.png */ = {isa = PBXFileReference; lastKnownFileType = image.png; name = "poland@2x.png"; path = "../../../../../Downloads/HackingWithSwift-main/Classic/project2-files/poland@2x.png"; sourceTree = "<group>"; };
		6C0B6E3E25F0272600F17C1E /* poland@3x.png */ = {isa = PBXFileReference; lastKnownFileType = image.png; name = "poland@3x.png"; path = "../../../../../Downloads/HackingWithSwift-main/Classic/project2-files/poland@3x.png"; sourceTree = "<group>"; };
		6C0B6E3F25F0272600F17C1E /* russia@3x.png */ = {isa = PBXFileReference; lastKnownFileType = image.png; name = "russia@3x.png"; path = "../../../../../Downloads/HackingWithSwift-main/Classic/project2-files/russia@3x.png"; sourceTree = "<group>"; };
		6C0B6E4025F0272600F17C1E /* italy@3x.png */ = {isa = PBXFileReference; lastKnownFileType = image.png; name = "italy@3x.png"; path = "../../../../../Downloads/HackingWithSwift-main/Classic/project2-files/italy@3x.png"; sourceTree = "<group>"; };
		6C0B6E4125F0272600F17C1E /* uk@2x.png */ = {isa = PBXFileReference; lastKnownFileType = image.png; name = "uk@2x.png"; path = "../../../../../Downloads/HackingWithSwift-main/Classic/project2-files/uk@2x.png"; sourceTree = "<group>"; };
		6C0B6E4225F0272600F17C1E /* us@3x.png */ = {isa = PBXFileReference; lastKnownFileType = image.png; name = "us@3x.png"; path = "../../../../../Downloads/HackingWithSwift-main/Classic/project2-files/us@3x.png"; sourceTree = "<group>"; };
		6C0B6E5E25F0300C00F17C1E /* DetailViewController.swift */ = {isa = PBXFileReference; lastKnownFileType = sourcecode.swift; path = DetailViewController.swift; sourceTree = "<group>"; };
/* End PBXFileReference section */

/* Begin PBXFrameworksBuildPhase section */
		6C0B6D8F25F0209300F17C1E /* Frameworks */ = {
			isa = PBXFrameworksBuildPhase;
			buildActionMask = 2147483647;
			files = (
			);
			runOnlyForDeploymentPostprocessing = 0;
		};
/* End PBXFrameworksBuildPhase section */

/* Begin PBXGroup section */
		6C0B6D8925F0209300F17C1E = {
			isa = PBXGroup;
			children = (
				6C0B6D9425F0209300F17C1E /* MilestoneProj1 */,
				6C0B6D9325F0209300F17C1E /* Products */,
			);
			sourceTree = "<group>";
		};
		6C0B6D9325F0209300F17C1E /* Products */ = {
			isa = PBXGroup;
			children = (
				6C0B6D9225F0209300F17C1E /* MilestoneProj1.app */,
			);
			name = Products;
			sourceTree = "<group>";
		};
		6C0B6D9425F0209300F17C1E /* MilestoneProj1 */ = {
			isa = PBXGroup;
			children = (
				6C0B6D9525F0209300F17C1E /* AppDelegate.swift */,
				6C0B6D9725F0209300F17C1E /* SceneDelegate.swift */,
				6C0B6D9925F0209300F17C1E /* ViewController.swift */,
				6C0B6E5E25F0300C00F17C1E /* DetailViewController.swift */,
				6C0B6D9B25F0209300F17C1E /* Main.storyboard */,
				6C0B6D9E25F0209400F17C1E /* Assets.xcassets */,
				6C0B6DA025F0209400F17C1E /* LaunchScreen.storyboard */,
				6C0B6DA325F0209400F17C1E /* Info.plist */,
				6C0B6DAD25F0264000F17C1E /* Content */,
			);
			path = MilestoneProj1;
			sourceTree = "<group>";
		};
		6C0B6DAD25F0264000F17C1E /* Content */ = {
			isa = PBXGroup;
			children = (
				6C0B6E3325F0272600F17C1E /* estonia@2x.png */,
				6C0B6E3925F0272600F17C1E /* estonia@3x.png */,
				6C0B6E3A25F0272600F17C1E /* france@2x.png */,
				6C0B6E3C25F0272600F17C1E /* france@3x.png */,
				6C0B6E3B25F0272600F17C1E /* germany@2x.png */,
				6C0B6E3725F0272600F17C1E /* germany@3x.png */,
				6C0B6E3425F0272600F17C1E /* ireland@2x.png */,
				6C0B6E2E25F0272600F17C1E /* ireland@3x.png */,
				6C0B6E2C25F0272600F17C1E /* italy@2x.png */,
				6C0B6E4025F0272600F17C1E /* italy@3x.png */,
				6C0B6E3825F0272600F17C1E /* monaco@2x.png */,
				6C0B6E3625F0272600F17C1E /* monaco@3x.png */,
				6C0B6E3225F0272600F17C1E /* nigeria@2x.png */,
				6C0B6E2D25F0272600F17C1E /* nigeria@3x.png */,
				6C0B6E3D25F0272600F17C1E /* poland@2x.png */,
				6C0B6E3E25F0272600F17C1E /* poland@3x.png */,
				6C0B6E2F25F0272600F17C1E /* russia@2x.png */,
				6C0B6E3F25F0272600F17C1E /* russia@3x.png */,
				6C0B6E3525F0272600F17C1E /* spain@2x.png */,
				6C0B6E2B25F0272600F17C1E /* spain@3x.png */,
				6C0B6E4125F0272600F17C1E /* uk@2x.png */,
				6C0B6E3025F0272600F17C1E /* uk@3x.png */,
				6C0B6E3125F0272600F17C1E /* us@2x.png */,
				6C0B6E4225F0272600F17C1E /* us@3x.png */,
			);
			path = Content;
			sourceTree = "<group>";
		};
/* End PBXGroup section */

/* Begin PBXNativeTarget section */
		6C0B6D9125F0209300F17C1E /* MilestoneProj1 */ = {
			isa = PBXNativeTarget;
			buildConfigurationList = 6C0B6DA625F0209400F17C1E /* Build configuration list for PBXNativeTarget "MilestoneProj1" */;
			buildPhases = (
				6C0B6D8E25F0209300F17C1E /* Sources */,
				6C0B6D8F25F0209300F17C1E /* Frameworks */,
				6C0B6D9025F0209300F17C1E /* Resources */,
			);
			buildRules = (
			);
			dependencies = (
			);
			name = MilestoneProj1;
			productName = MilestoneProj1;
			productReference = 6C0B6D9225F0209300F17C1E /* MilestoneProj1.app */;
			productType = "com.apple.product-type.application";
		};
/* End PBXNativeTarget section */

/* Begin PBXProject section */
		6C0B6D8A25F0209300F17C1E /* Project object */ = {
			isa = PBXProject;
			attributes = {
				LastSwiftUpdateCheck = 1200;
				LastUpgradeCheck = 1200;
				TargetAttributes = {
					6C0B6D9125F0209300F17C1E = {
						CreatedOnToolsVersion = 12.0.1;
					};
				};
			};
			buildConfigurationList = 6C0B6D8D25F0209300F17C1E /* Build configuration list for PBXProject "MilestoneProj1" */;
			compatibilityVersion = "Xcode 9.3";
			developmentRegion = en;
			hasScannedForEncodings = 0;
			knownRegions = (
				en,
				Base,
			);
			mainGroup = 6C0B6D8925F0209300F17C1E;
			productRefGroup = 6C0B6D9325F0209300F17C1E /* Products */;
			projectDirPath = "";
			projectRoot = "";
			targets = (
				6C0B6D9125F0209300F17C1E /* MilestoneProj1 */,
			);
		};
/* End PBXProject section */

/* Begin PBXResourcesBuildPhase section */
		6C0B6D9025F0209300F17C1E /* Resources */ = {
			isa = PBXResourcesBuildPhase;
			buildActionMask = 2147483647;
			files = (
				6C0B6E5925F0272600F17C1E /* uk@2x.png in Resources */,
				6C0B6E5025F0272600F17C1E /* monaco@2x.png in Resources */,
				6C0B6E4C25F0272600F17C1E /* ireland@2x.png in Resources */,
				6C0B6DA225F0209400F17C1E /* LaunchScreen.storyboard in Resources */,
				6C0B6E4725F0272600F17C1E /* russia@2x.png in Resources */,
				6C0B6E4E25F0272600F17C1E /* monaco@3x.png in Resources */,
				6C0B6E5425F0272600F17C1E /* france@3x.png in Resources */,
				6C0B6E4525F0272600F17C1E /* nigeria@3x.png in Resources */,
				6C0B6E5225F0272600F17C1E /* france@2x.png in Resources */,
				6C0B6E4425F0272600F17C1E /* italy@2x.png in Resources */,
				6C0B6E4A25F0272600F17C1E /* nigeria@2x.png in Resources */,
				6C0B6E5725F0272600F17C1E /* russia@3x.png in Resources */,
				6C0B6E5825F0272600F17C1E /* italy@3x.png in Resources */,
				6C0B6E5525F0272600F17C1E /* poland@2x.png in Resources */,
				6C0B6E4325F0272600F17C1E /* spain@3x.png in Resources */,
				6C0B6D9F25F0209400F17C1E /* Assets.xcassets in Resources */,
				6C0B6E4825F0272600F17C1E /* uk@3x.png in Resources */,
				6C0B6E5125F0272600F17C1E /* estonia@3x.png in Resources */,
				6C0B6E4625F0272600F17C1E /* ireland@3x.png in Resources */,
				6C0B6E4925F0272600F17C1E /* us@2x.png in Resources */,
				6C0B6E4B25F0272600F17C1E /* estonia@2x.png in Resources */,
				6C0B6E4D25F0272600F17C1E /* spain@2x.png in Resources */,
				6C0B6E5625F0272600F17C1E /* poland@3x.png in Resources */,
				6C0B6D9D25F0209300F17C1E /* Main.storyboard in Resources */,
				6C0B6E5A25F0272600F17C1E /* us@3x.png in Resources */,
				6C0B6E5325F0272600F17C1E /* germany@2x.png in Resources */,
				6C0B6E4F25F0272600F17C1E /* germany@3x.png in Resources */,
			);
			runOnlyForDeploymentPostprocessing = 0;
		};
/* End PBXResourcesBuildPhase section */

/* Begin PBXSourcesBuildPhase section */
		6C0B6D8E25F0209300F17C1E /* Sources */ = {
			isa = PBXSourcesBuildPhase;
			buildActionMask = 2147483647;
			files = (
				6C0B6D9A25F0209300F17C1E /* ViewController.swift in Sources */,
				6C0B6D9625F0209300F17C1E /* AppDelegate.swift in Sources */,
				6C0B6D9825F0209300F17C1E /* SceneDelegate.swift in Sources */,
				6C0B6E5F25F0300C00F17C1E /* DetailViewController.swift in Sources */,
			);
			runOnlyForDeploymentPostprocessing = 0;
		};
/* End PBXSourcesBuildPhase section */

/* Begin PBXVariantGroup section */
		6C0B6D9B25F0209300F17C1E /* Main.storyboard */ = {
			isa = PBXVariantGroup;
			children = (
				6C0B6D9C25F0209300F17C1E /* Base */,
			);
			name = Main.storyboard;
			sourceTree = "<group>";
		};
		6C0B6DA025F0209400F17C1E /* LaunchScreen.storyboard */ = {
			isa = PBXVariantGroup;
			children = (
				6C0B6DA125F0209400F17C1E /* Base */,
			);
			name = LaunchScreen.storyboard;
			sourceTree = "<group>";
		};
/* End PBXVariantGroup section */

/* Begin XCBuildConfiguration section */
		6C0B6DA425F0209400F17C1E /* Debug */ = {
			isa = XCBuildConfiguration;
			buildSettings = {
				ALWAYS_SEARCH_USER_PATHS = NO;
				CLANG_ANALYZER_NONNULL = YES;
				CLANG_ANALYZER_NUMBER_OBJECT_CONVERSION = YES_AGGRESSIVE;
				CLANG_CXX_LANGUAGE_STANDARD = "gnu++14";
				CLANG_CXX_LIBRARY = "libc++";
				CLANG_ENABLE_MODULES = YES;
				CLANG_ENABLE_OBJC_ARC = YES;
				CLANG_ENABLE_OBJC_WEAK = YES;
				CLANG_WARN_BLOCK_CAPTURE_AUTORELEASING = YES;
				CLANG_WARN_BOOL_CONVERSION = YES;
				CLANG_WARN_COMMA = YES;
				CLANG_WARN_CONSTANT_CONVERSION = YES;
				CLANG_WARN_DEPRECATED_OBJC_IMPLEMENTATIONS = YES;
				CLANG_WARN_DIRECT_OBJC_ISA_USAGE = YES_ERROR;
				CLANG_WARN_DOCUMENTATION_COMMENTS = YES;
				CLANG_WARN_EMPTY_BODY = YES;
				CLANG_WARN_ENUM_CONVERSION = YES;
				CLANG_WARN_INFINITE_RECURSION = YES;
				CLANG_WARN_INT_CONVERSION = YES;
				CLANG_WARN_NON_LITERAL_NULL_CONVERSION = YES;
				CLANG_WARN_OBJC_IMPLICIT_RETAIN_SELF = YES;
				CLANG_WARN_OBJC_LITERAL_CONVERSION = YES;
				CLANG_WARN_OBJC_ROOT_CLASS = YES_ERROR;
				CLANG_WARN_QUOTED_INCLUDE_IN_FRAMEWORK_HEADER = YES;
				CLANG_WARN_RANGE_LOOP_ANALYSIS = YES;
				CLANG_WARN_STRICT_PROTOTYPES = YES;
				CLANG_WARN_SUSPICIOUS_MOVE = YES;
				CLANG_WARN_UNGUARDED_AVAILABILITY = YES_AGGRESSIVE;
				CLANG_WARN_UNREACHABLE_CODE = YES;
				CLANG_WARN__DUPLICATE_METHOD_MATCH = YES;
				COPY_PHASE_STRIP = NO;
				DEBUG_INFORMATION_FORMAT = dwarf;
				ENABLE_STRICT_OBJC_MSGSEND = YES;
				ENABLE_TESTABILITY = YES;
				GCC_C_LANGUAGE_STANDARD = gnu11;
				GCC_DYNAMIC_NO_PIC = NO;
				GCC_NO_COMMON_BLOCKS = YES;
				GCC_OPTIMIZATION_LEVEL = 0;
				GCC_PREPROCESSOR_DEFINITIONS = (
					"DEBUG=1",
					"$(inherited)",
				);
				GCC_WARN_64_TO_32_BIT_CONVERSION = YES;
				GCC_WARN_ABOUT_RETURN_TYPE = YES_ERROR;
				GCC_WARN_UNDECLARED_SELECTOR = YES;
				GCC_WARN_UNINITIALIZED_AUTOS = YES_AGGRESSIVE;
				GCC_WARN_UNUSED_FUNCTION = YES;
				GCC_WARN_UNUSED_VARIABLE = YES;
				IPHONEOS_DEPLOYMENT_TARGET = 14.0;
				MTL_ENABLE_DEBUG_INFO = INCLUDE_SOURCE;
				MTL_FAST_MATH = YES;
				ONLY_ACTIVE_ARCH = YES;
				SDKROOT = iphoneos;
				SWIFT_ACTIVE_COMPILATION_CONDITIONS = DEBUG;
				SWIFT_OPTIMIZATION_LEVEL = "-Onone";
			};
			name = Debug;
		};
		6C0B6DA525F0209400F17C1E /* Release */ = {
			isa = XCBuildConfiguration;
			buildSettings = {
				ALWAYS_SEARCH_USER_PATHS = NO;
				CLANG_ANALYZER_NONNULL = YES;
				CLANG_ANALYZER_NUMBER_OBJECT_CONVERSION = YES_AGGRESSIVE;
				CLANG_CXX_LANGUAGE_STANDARD = "gnu++14";
				CLANG_CXX_LIBRARY = "libc++";
				CLANG_ENABLE_MODULES = YES;
				CLANG_ENABLE_OBJC_ARC = YES;
				CLANG_ENABLE_OBJC_WEAK = YES;
				CLANG_WARN_BLOCK_CAPTURE_AUTORELEASING = YES;
				CLANG_WARN_BOOL_CONVERSION = YES;
				CLANG_WARN_COMMA = YES;
				CLANG_WARN_CONSTANT_CONVERSION = YES;
				CLANG_WARN_DEPRECATED_OBJC_IMPLEMENTATIONS = YES;
				CLANG_WARN_DIRECT_OBJC_ISA_USAGE = YES_ERROR;
				CLANG_WARN_DOCUMENTATION_COMMENTS = YES;
				CLANG_WARN_EMPTY_BODY = YES;
				CLANG_WARN_ENUM_CONVERSION = YES;
				CLANG_WARN_INFINITE_RECURSION = YES;
				CLANG_WARN_INT_CONVERSION = YES;
				CLANG_WARN_NON_LITERAL_NULL_CONVERSION = YES;
				CLANG_WARN_OBJC_IMPLICIT_RETAIN_SELF = YES;
				CLANG_WARN_OBJC_LITERAL_CONVERSION = YES;
				CLANG_WARN_OBJC_ROOT_CLASS = YES_ERROR;
				CLANG_WARN_QUOTED_INCLUDE_IN_FRAMEWORK_HEADER = YES;
				CLANG_WARN_RANGE_LOOP_ANALYSIS = YES;
				CLANG_WARN_STRICT_PROTOTYPES = YES;
				CLANG_WARN_SUSPICIOUS_MOVE = YES;
				CLANG_WARN_UNGUARDED_AVAILABILITY = YES_AGGRESSIVE;
				CLANG_WARN_UNREACHABLE_CODE = YES;
				CLANG_WARN__DUPLICATE_METHOD_MATCH = YES;
				COPY_PHASE_STRIP = NO;
				DEBUG_INFORMATION_FORMAT = "dwarf-with-dsym";
				ENABLE_NS_ASSERTIONS = NO;
				ENABLE_STRICT_OBJC_MSGSEND = YES;
				GCC_C_LANGUAGE_STANDARD = gnu11;
				GCC_NO_COMMON_BLOCKS = YES;
				GCC_WARN_64_TO_32_BIT_CONVERSION = YES;
				GCC_WARN_ABOUT_RETURN_TYPE = YES_ERROR;
				GCC_WARN_UNDECLARED_SELECTOR = YES;
				GCC_WARN_UNINITIALIZED_AUTOS = YES_AGGRESSIVE;
				GCC_WARN_UNUSED_FUNCTION = YES;
				GCC_WARN_UNUSED_VARIABLE = YES;
				IPHONEOS_DEPLOYMENT_TARGET = 14.0;
				MTL_ENABLE_DEBUG_INFO = NO;
				MTL_FAST_MATH = YES;
				SDKROOT = iphoneos;
				SWIFT_COMPILATION_MODE = wholemodule;
				SWIFT_OPTIMIZATION_LEVEL = "-O";
				VALIDATE_PRODUCT = YES;
			};
			name = Release;
		};
		6C0B6DA725F0209400F17C1E /* Debug */ = {
			isa = XCBuildConfiguration;
			buildSettings = {
				ASSETCATALOG_COMPILER_APPICON_NAME = AppIcon;
				ASSETCATALOG_COMPILER_GLOBAL_ACCENT_COLOR_NAME = AccentColor;
				CODE_SIGN_STYLE = Automatic;
				DEVELOPMENT_TEAM = MFG996M36J;
				INFOPLIST_FILE = MilestoneProj1/Info.plist;
				LD_RUNPATH_SEARCH_PATHS = (
					"$(inherited)",
					"@executable_path/Frameworks",
				);
				PRODUCT_BUNDLE_IDENTIFIER = "Filip-Mastalerz.MilestoneProj1";
				PRODUCT_NAME = "$(TARGET_NAME)";
				SWIFT_VERSION = 5.0;
				TARGETED_DEVICE_FAMILY = "1,2";
			};
			name = Debug;
		};
		6C0B6DA825F0209400F17C1E /* Release */ = {
			isa = XCBuildConfiguration;
			buildSettings = {
				ASSETCATALOG_COMPILER_APPICON_NAME = AppIcon;
				ASSETCATALOG_COMPILER_GLOBAL_ACCENT_COLOR_NAME = AccentColor;
				CODE_SIGN_STYLE = Automatic;
				DEVELOPMENT_TEAM = MFG996M36J;
				INFOPLIST_FILE = MilestoneProj1/Info.plist;
				LD_RUNPATH_SEARCH_PATHS = (
					"$(inherited)",
					"@executable_path/Frameworks",
				);
				PRODUCT_BUNDLE_IDENTIFIER = "Filip-Mastalerz.MilestoneProj1";
				PRODUCT_NAME = "$(TARGET_NAME)";
				SWIFT_VERSION = 5.0;
				TARGETED_DEVICE_FAMILY = "1,2";
			};
			name = Release;
		};
/* End XCBuildConfiguration section */

/* Begin XCConfigurationList section */
		6C0B6D8D25F0209300F17C1E /* Build configuration list for PBXProject "MilestoneProj1" */ = {
			isa = XCConfigurationList;
			buildConfigurations = (
				6C0B6DA425F0209400F17C1E /* Debug */,
				6C0B6DA525F0209400F17C1E /* Release */,
			);
			defaultConfigurationIsVisible = 0;
			defaultConfigurationName = Release;
		};
		6C0B6DA625F0209400F17C1E /* Build configuration list for PBXNativeTarget "MilestoneProj1" */ = {
			isa = XCConfigurationList;
			buildConfigurations = (
				6C0B6DA725F0209400F17C1E /* Debug */,
				6C0B6DA825F0209400F17C1E /* Release */,
			);
			defaultConfigurationIsVisible = 0;
			defaultConfigurationName = Release;
		};
/* End XCConfigurationList section */
	};
	rootObject = 6C0B6D8A25F0209300F17C1E /* Project object */;
}
